<?xml version="1.0" encoding="UTF-8" standalone="yes" ?>
<CodeBlocks_project_file>
	<FileVersion major="1" minor="6" />
	<Project>
		<Option title="Battleship" />
		<Option pch_mode="2" />
		<Option compiler="gcc" />
		<Build>
			<Target title="Debug">
				<Option output="bin/Debug/Battleship" prefix_auto="1" extension_auto="1" />
				<Option object_output="obj/Debug/" />
				<Option type="1" />
				<Option compiler="gcc" />
				<Compiler>
					<Add option="-g" />
				</Compiler>
			</Target>
			<Target title="Release">
				<Option output="bin/Release/Battleship" prefix_auto="1" extension_auto="1" />
				<Option object_output="obj/Release/" />
				<Option type="1" />
				<Option compiler="gcc" />
				<Compiler>
					<Add option="-O2" />
				</Compiler>
				<Linker>
					<Add option="-s" />
				</Linker>
			</Target>
		</Build>
		<Compiler>
			<Add option="-Wall" />
		</Compiler>
		<Unit filename="Board.cpp" />
		<Unit filename="Board.h" />
		<Unit filename="BoardImpl.cpp" />
		<Unit filename="BoardImpl.h" />
		<Unit filename="Board_tests.cpp">
			<Option compile="0" />
			<Option link="0" />
		</Unit>
		<Unit filename="EasyPlayer.h" />
		<Unit filename="Game.cpp" />
		<Unit filename="Game.h" />
		<Unit filename="GameImpl.cpp" />
		<Unit filename="GameImpl.h" />
		<Unit filename="Game_tests.cpp">
			<Option compile="0" />
			<Option link="0" />
		</Unit>
		<Unit filename="Globals.h" />
		<Unit filename="HardPlayer.h" />
		<Unit filename="HumanPlayer.h" />
		<Unit filename="Main.cpp" />
		<Unit filename="MediumPlayer.h" />
		<Unit filename="Player.cpp" />
		<Unit filename="Player.h" />
		<Unit filename="PlayerFactory.cpp" />
		<Unit filename="PlayerFactory.h" />
		<Unit filename="Player_tests.cpp">
			<Option compile="0" />
			<Option link="0" />
		</Unit>
		<Unit filename="Setup.cpp" />
		<Unit filename="Setup.h" />
		<Unit filename="Ship.h" />
		<Extensions>
			<code_completion />
			<envvars />
			<debugger />
			<lib_finder disable_auto="1" />
		</Extensions>
	</Project>
</CodeBlocks_project_file>
